<Solution>
  <Folder Name="/src/">
    <Project Path="src/SmartCharging.Api/SmartCharging.Api.csproj" />
    <Project Path="src/SmartCharging.Application/SmartCharging.Application.csproj" />
    <Project Path="src/SmartCharging.Domain/SmartCharging.Domain.csproj" />
    <Project Path="src/SmartCharging.Infrastructure/SmartCharging.Infrastructure.csproj" />
  </Folder>
  <Folder Name="/tests/">
    <Project Path="tests/SmartCharging.Tests/SmartCharging.Tests.csproj" />
  </Folder>
</Solution>
